
Microsoft Visual Studio Solution File, Format Version 12.00
# Visual Studio Version 17
VisualStudioVersion = 17.0.31903.59
MinimumVisualStudioVersion = 10.0.40219.1
Project("{FAE04EC0-301F-11D3-BF4B-00C04F79EFBC}") = "SimpleWebApi", "SimpleWebApi\SimpleWebApi.csproj", "{673D1970-ACA3-4B77-A952-636308418D69}"
EndProject
Project("{FAE04EC0-301F-11D3-BF4B-00C04F79EFBC}") = "SimpleWebApi.Test", "SimpleWebApi.Test\SimpleWebApi.Test.csproj", "{9452FF10-2EDA-462D-9C8A-AE522819D377}"
EndProject
Global
	GlobalSection(SolutionConfigurationPlatforms) = preSolution
		Debug|Any CPU = Debug|Any CPU
		Debug|x64 = Debug|x64
		Debug|x86 = Debug|x86
		Release|Any CPU = Release|Any CPU
		Release|x64 = Release|x64
		Release|x86 = Release|x86
	EndGlobalSection
	GlobalSection(ProjectConfigurationPlatforms) = postSolution
		{673D1970-ACA3-4B77-A952-636308418D69}.Debug|Any CPU.ActiveCfg = Debug|Any CPU
		{673D1970-ACA3-4B77-A952-636308418D69}.Debug|Any CPU.Build.0 = Debug|Any CPU
		{673D1970-ACA3-4B77-A952-636308418D69}.Debug|x64.ActiveCfg = Debug|Any CPU
		{673D1970-ACA3-4B77-A952-636308418D69}.Debug|x64.Build.0 = Debug|Any CPU
		{673D1970-ACA3-4B77-A952-636308418D69}.Debug|x86.ActiveCfg = Debug|Any CPU
		{673D1970-ACA3-4B77-A952-636308418D69}.Debug|x86.Build.0 = Debug|Any CPU
		{673D1970-ACA3-4B77-A952-636308418D69}.Release|Any CPU.ActiveCfg = Release|Any CPU
		{673D1970-ACA3-4B77-A952-636308418D69}.Release|Any CPU.Build.0 = Release|Any CPU
		{673D1970-ACA3-4B77-A952-636308418D69}.Release|x64.ActiveCfg = Release|Any CPU
		{673D1970-ACA3-4B77-A952-636308418D69}.Release|x64.Build.0 = Release|Any CPU
		{673D1970-ACA3-4B77-A952-636308418D69}.Release|x86.ActiveCfg = Release|Any CPU
		{673D1970-ACA3-4B77-A952-636308418D69}.Release|x86.Build.0 = Release|Any CPU
		{9452FF10-2EDA-462D-9C8A-AE522819D377}.Debug|Any CPU.ActiveCfg = Debug|Any CPU
		{9452FF10-2EDA-462D-9C8A-AE522819D377}.Debug|Any CPU.Build.0 = Debug|Any CPU
		{9452FF10-2EDA-462D-9C8A-AE522819D377}.Debug|x64.ActiveCfg = Debug|Any CPU
		{9452FF10-2EDA-462D-9C8A-AE522819D377}.Debug|x64.Build.0 = Debug|Any CPU
		{9452FF10-2EDA-462D-9C8A-AE522819D377}.Debug|x86.ActiveCfg = Debug|Any CPU
		{9452FF10-2EDA-462D-9C8A-AE522819D377}.Debug|x86.Build.0 = Debug|Any CPU
		{9452FF10-2EDA-462D-9C8A-AE522819D377}.Release|Any CPU.ActiveCfg = Release|Any CPU
		{9452FF10-2EDA-462D-9C8A-AE522819D377}.Release|Any CPU.Build.0 = Release|Any CPU
		{9452FF10-2EDA-462D-9C8A-AE522819D377}.Release|x64.ActiveCfg = Release|Any CPU
		{9452FF10-2EDA-462D-9C8A-AE522819D377}.Release|x64.Build.0 = Release|Any CPU
		{9452FF10-2EDA-462D-9C8A-AE522819D377}.Release|x86.ActiveCfg = Release|Any CPU
		{9452FF10-2EDA-462D-9C8A-AE522819D377}.Release|x86.Build.0 = Release|Any CPU
	EndGlobalSection
	GlobalSection(SolutionProperties) = preSolution
		HideSolutionNode = FALSE
	EndGlobalSection
EndGlobal
